
Microsoft Visual Studio Solution File, Format Version 12.00
# Visual Studio Version 16
VisualStudioVersion = 16.0.810.25
MinimumVisualStudioVersion = 10.0.40219.1
Project("{FAE04EC0-301F-11D3-BF4B-00C04F79EFBC}") = "Console.", "Console..csproj", "{C4BA8BE0-A7AC-4C4B-A8D4-BBB2E2CF5E82}"
EndProject
Global
	GlobalSection(SolutionConfigurationPlatforms) = preSolution
		Debug|anycpu = Debug|anycpu
		Release|anycpu = Release|anycpu
	EndGlobalSection
	GlobalSection(ProjectConfigurationPlatforms) = postSolution
		{C4BA8BE0-A7AC-4C4B-A8D4-BBB2E2CF5E82}.Debug|anycpu.ActiveCfg = Debug|anycpu
		{C4BA8BE0-A7AC-4C4B-A8D4-BBB2E2CF5E82}.Debug|anycpu.Build.0 = Debug|anycpu
		{C4BA8BE0-A7AC-4C4B-A8D4-BBB2E2CF5E82}.Release|anycpu.ActiveCfg = Release|anycpu
		{C4BA8BE0-A7AC-4C4B-A8D4-BBB2E2CF5E82}.Release|anycpu.Build.0 = Release|anycpu
	EndGlobalSection
	GlobalSection(SolutionProperties) = preSolution
		HideSolutionNode = FALSE
	EndGlobalSection
	GlobalSection(ExtensibilityGlobals) = postSolution
		SolutionGuid = {C523D3B7-E30F-4D81-9B6B-858C24FC9E6B}
	EndGlobalSection
EndGlobal
